
Microsoft Visual Studio Solution File, Format Version 12.00
# Visual Studio Version 17
VisualStudioVersion = 17.9.34902.65
MinimumVisualStudioVersion = 10.0.40219.1
Project("{FAE04EC0-301F-11D3-BF4B-00C04F79EFBC}") = "Bliss", "Bliss\Bliss.csproj", "{CE44B173-C816-4CCB-9922-B26E6D3F3BCC}"
EndProject
Global
	GlobalSection(SolutionConfigurationPlatforms) = preSolution
		Debug|Any CPU = Debug|Any CPU
		Release|Any CPU = Release|Any CPU
	EndGlobalSection
	GlobalSection(ProjectConfigurationPlatforms) = postSolution
		{CE44B173-C816-4CCB-9922-B26E6D3F3BCC}.Debug|Any CPU.ActiveCfg = Debug|Any CPU
		{CE44B173-C816-4CCB-9922-B26E6D3F3BCC}.Debug|Any CPU.Build.0 = Debug|Any CPU
		{CE44B173-C816-4CCB-9922-B26E6D3F3BCC}.Release|Any CPU.ActiveCfg = Release|Any CPU
		{CE44B173-C816-4CCB-9922-B26E6D3F3BCC}.Release|Any CPU.Build.0 = Release|Any CPU
	EndGlobalSection
	GlobalSection(SolutionProperties) = preSolution
		HideSolutionNode = FALSE
	EndGlobalSection
	GlobalSection(ExtensibilityGlobals) = postSolution
		SolutionGuid = {423EE2C4-894C-42CD-A6CF-DE410CD44D0D}
	EndGlobalSection
EndGlobal
